
Microsoft Visual Studio Solution File, Format Version 12.00
# Visual Studio Version 16
VisualStudioVersion = 16.0.30907.101
MinimumVisualStudioVersion = 10.0.40219.1
Project("{FAE04EC0-301F-11D3-BF4B-00C04F79EFBC}") = "mmMQEmitter", "mmMQEmitter\mmMQEmitter.csproj", "{DDA45E7B-492D-4603-B1A0-E7AE701D6476}"
EndProject
Project("{2150E333-8FDC-42A3-9474-1A3956D46DE8}") = "Solution Items", "Solution Items", "{67473950-B40D-4763-A5EF-247E2C3A5CF3}"
	ProjectSection(SolutionItems) = preProject
		readme.md = readme.md
	EndProjectSection
EndProject
Global
	GlobalSection(SolutionConfigurationPlatforms) = preSolution
		Debug|Any CPU = Debug|Any CPU
		Release|Any CPU = Release|Any CPU
	EndGlobalSection
	GlobalSection(ProjectConfigurationPlatforms) = postSolution
		{DDA45E7B-492D-4603-B1A0-E7AE701D6476}.Debug|Any CPU.ActiveCfg = Debug|Any CPU
		{DDA45E7B-492D-4603-B1A0-E7AE701D6476}.Debug|Any CPU.Build.0 = Debug|Any CPU
		{DDA45E7B-492D-4603-B1A0-E7AE701D6476}.Release|Any CPU.ActiveCfg = Release|Any CPU
		{DDA45E7B-492D-4603-B1A0-E7AE701D6476}.Release|Any CPU.Build.0 = Release|Any CPU
	EndGlobalSection
	GlobalSection(SolutionProperties) = preSolution
		HideSolutionNode = FALSE
	EndGlobalSection
	GlobalSection(ExtensibilityGlobals) = postSolution
		SolutionGuid = {2459815E-FD56-43AE-B35D-4947A4171594}
	EndGlobalSection
EndGlobal
